
Microsoft Visual Studio Solution File, Format Version 12.00
# Visual Studio Version 18
VisualStudioVersion = 18.10.12217.157 stable
MinimumVisualStudioVersion = 10.0.40219.1
Project("{FAE04EC0-301F-11D3-BF4B-00C04F79EFBC}") = "CustomAuthentication", "CustomAuthentication\CustomAuthentication.csproj", "{2FDDF5EA-AB91-460B-BE7F-4FE10663DAB3}"
EndProject
Global
	GlobalSection(SolutionConfigurationPlatforms) = preSolution
		Debug|Any CPU = Debug|Any CPU
		Release|Any CPU = Release|Any CPU
	EndGlobalSection
	GlobalSection(ProjectConfigurationPlatforms) = postSolution
		{2FDDF5EA-AB91-460B-BE7F-4FE10663DAB3}.Debug|Any CPU.ActiveCfg = Debug|Any CPU
		{2FDDF5EA-AB91-460B-BE7F-4FE10663DAB3}.Debug|Any CPU.Build.0 = Debug|Any CPU
		{2FDDF5EA-AB91-460B-BE7F-4FE10663DAB3}.Release|Any CPU.ActiveCfg = Release|Any CPU
		{2FDDF5EA-AB91-460B-BE7F-4FE10663DAB3}.Release|Any CPU.Build.0 = Release|Any CPU
	EndGlobalSection
	GlobalSection(SolutionProperties) = preSolution
		HideSolutionNode = FALSE
	EndGlobalSection
EndGlobal
